
Microsoft Visual Studio Solution File, Format Version 12.00
# Visual Studio Version 17
VisualStudioVersion = 17.13.35931.197 d17.13
MinimumVisualStudioVersion = 10.0.40219.1
Project("{FAE04EC0-301F-11D3-BF4B-00C04F79EFBC}") = "GetterSetter", "GetterSetter\GetterSetter.csproj", "{AC0EF08C-49D1-4F58-8F61-620BD11AADEC}"
EndProject
Global
	GlobalSection(SolutionConfigurationPlatforms) = preSolution
		Debug|Any CPU = Debug|Any CPU
		Release|Any CPU = Release|Any CPU
	EndGlobalSection
	GlobalSection(ProjectConfigurationPlatforms) = postSolution
		{AC0EF08C-49D1-4F58-8F61-620BD11AADEC}.Debug|Any CPU.ActiveCfg = Debug|Any CPU
		{AC0EF08C-49D1-4F58-8F61-620BD11AADEC}.Debug|Any CPU.Build.0 = Debug|Any CPU
		{AC0EF08C-49D1-4F58-8F61-620BD11AADEC}.Release|Any CPU.ActiveCfg = Release|Any CPU
		{AC0EF08C-49D1-4F58-8F61-620BD11AADEC}.Release|Any CPU.Build.0 = Release|Any CPU
	EndGlobalSection
	GlobalSection(SolutionProperties) = preSolution
		HideSolutionNode = FALSE
	EndGlobalSection
	GlobalSection(ExtensibilityGlobals) = postSolution
		SolutionGuid = {551D6471-9C2A-41C7-9EE8-4911AD7D505E}
	EndGlobalSection
EndGlobal
