
Microsoft Visual Studio Solution File, Format Version 12.00
# Visual Studio Version 17
VisualStudioVersion = 17.13.35806.99 d17.13
MinimumVisualStudioVersion = 10.0.40219.1
Project("{FAE04EC0-301F-11D3-BF4B-00C04F79EFBC}") = "ParallelForMore", "ParallelForMore\ParallelForMore.csproj", "{A049AD8C-66D9-49AC-A0A7-2DAAE17E7E7C}"
EndProject
Global
	GlobalSection(SolutionConfigurationPlatforms) = preSolution
		Debug|Any CPU = Debug|Any CPU
		Release|Any CPU = Release|Any CPU
	EndGlobalSection
	GlobalSection(ProjectConfigurationPlatforms) = postSolution
		{A049AD8C-66D9-49AC-A0A7-2DAAE17E7E7C}.Debug|Any CPU.ActiveCfg = Debug|Any CPU
		{A049AD8C-66D9-49AC-A0A7-2DAAE17E7E7C}.Debug|Any CPU.Build.0 = Debug|Any CPU
		{A049AD8C-66D9-49AC-A0A7-2DAAE17E7E7C}.Release|Any CPU.ActiveCfg = Release|Any CPU
		{A049AD8C-66D9-49AC-A0A7-2DAAE17E7E7C}.Release|Any CPU.Build.0 = Release|Any CPU
	EndGlobalSection
	GlobalSection(SolutionProperties) = preSolution
		HideSolutionNode = FALSE
	EndGlobalSection
	GlobalSection(ExtensibilityGlobals) = postSolution
		SolutionGuid = {28C82787-C45E-4CA8-A3FF-BF109A0A3312}
	EndGlobalSection
EndGlobal
