
Microsoft Visual Studio Solution File, Format Version 12.00
# Visual Studio Version 17
VisualStudioVersion = 17.13.35806.99 d17.13
MinimumVisualStudioVersion = 10.0.40219.1
Project("{FAE04EC0-301F-11D3-BF4B-00C04F79EFBC}") = "SpreadOperator", "SpreadOperator\SpreadOperator.csproj", "{DD7D023C-51AE-46CE-86DA-1395F7D205A5}"
EndProject
Global
	GlobalSection(SolutionConfigurationPlatforms) = preSolution
		Debug|Any CPU = Debug|Any CPU
		Release|Any CPU = Release|Any CPU
	EndGlobalSection
	GlobalSection(ProjectConfigurationPlatforms) = postSolution
		{DD7D023C-51AE-46CE-86DA-1395F7D205A5}.Debug|Any CPU.ActiveCfg = Debug|Any CPU
		{DD7D023C-51AE-46CE-86DA-1395F7D205A5}.Debug|Any CPU.Build.0 = Debug|Any CPU
		{DD7D023C-51AE-46CE-86DA-1395F7D205A5}.Release|Any CPU.ActiveCfg = Release|Any CPU
		{DD7D023C-51AE-46CE-86DA-1395F7D205A5}.Release|Any CPU.Build.0 = Release|Any CPU
	EndGlobalSection
	GlobalSection(SolutionProperties) = preSolution
		HideSolutionNode = FALSE
	EndGlobalSection
	GlobalSection(ExtensibilityGlobals) = postSolution
		SolutionGuid = {D1247A33-7243-43D9-B8A7-126164CB4407}
	EndGlobalSection
EndGlobal
