
Microsoft Visual Studio Solution File, Format Version 12.00
# Visual Studio Version 17
VisualStudioVersion = 17.13.35806.99 d17.13
MinimumVisualStudioVersion = 10.0.40219.1
Project("{FAE04EC0-301F-11D3-BF4B-00C04F79EFBC}") = "csharp", "csharp\csharp.csproj", "{C3732BD9-744D-4F17-9A6A-E16FB0631B50}"
EndProject
Global
	GlobalSection(SolutionConfigurationPlatforms) = preSolution
		Debug|Any CPU = Debug|Any CPU
		Release|Any CPU = Release|Any CPU
	EndGlobalSection
	GlobalSection(ProjectConfigurationPlatforms) = postSolution
		{C3732BD9-744D-4F17-9A6A-E16FB0631B50}.Debug|Any CPU.ActiveCfg = Debug|Any CPU
		{C3732BD9-744D-4F17-9A6A-E16FB0631B50}.Debug|Any CPU.Build.0 = Debug|Any CPU
		{C3732BD9-744D-4F17-9A6A-E16FB0631B50}.Release|Any CPU.ActiveCfg = Release|Any CPU
		{C3732BD9-744D-4F17-9A6A-E16FB0631B50}.Release|Any CPU.Build.0 = Release|Any CPU
	EndGlobalSection
	GlobalSection(SolutionProperties) = preSolution
		HideSolutionNode = FALSE
	EndGlobalSection
	GlobalSection(ExtensibilityGlobals) = postSolution
		SolutionGuid = {096002F0-CA18-424E-B1A6-6BEE59226580}
	EndGlobalSection
EndGlobal
