
Microsoft Visual Studio Solution File, Format Version 12.00
# Visual Studio Version 17
VisualStudioVersion = 17.14.36203.30 d17.14
MinimumVisualStudioVersion = 10.0.40219.1
Project("{FAE04EC0-301F-11D3-BF4B-00C04F79EFBC}") = "Base64DecodingExample", "Base64DecodingExample\Base64DecodingExample.csproj", "{BE46C89B-EB2F-44BF-AE6A-C3232E7BE62C}"
EndProject
Global
	GlobalSection(SolutionConfigurationPlatforms) = preSolution
		Debug|Any CPU = Debug|Any CPU
		Release|Any CPU = Release|Any CPU
	EndGlobalSection
	GlobalSection(ProjectConfigurationPlatforms) = postSolution
		{BE46C89B-EB2F-44BF-AE6A-C3232E7BE62C}.Debug|Any CPU.ActiveCfg = Debug|Any CPU
		{BE46C89B-EB2F-44BF-AE6A-C3232E7BE62C}.Debug|Any CPU.Build.0 = Debug|Any CPU
		{BE46C89B-EB2F-44BF-AE6A-C3232E7BE62C}.Release|Any CPU.ActiveCfg = Release|Any CPU
		{BE46C89B-EB2F-44BF-AE6A-C3232E7BE62C}.Release|Any CPU.Build.0 = Release|Any CPU
	EndGlobalSection
	GlobalSection(SolutionProperties) = preSolution
		HideSolutionNode = FALSE
	EndGlobalSection
	GlobalSection(ExtensibilityGlobals) = postSolution
		SolutionGuid = {9431174D-4B04-4836-B67C-245B27528DEC}
	EndGlobalSection
EndGlobal
