
Microsoft Visual Studio Solution File, Format Version 12.00
# Visual Studio Version 17
VisualStudioVersion = 17.13.35818.85 d17.13
MinimumVisualStudioVersion = 10.0.40219.1
Project("{FAE04EC0-301F-11D3-BF4B-00C04F79EFBC}") = "SyncDemo", "SyncDemo\SyncDemo.csproj", "{4392D268-DC8A-47D5-9345-C62F78886E93}"
EndProject
Global
	GlobalSection(SolutionConfigurationPlatforms) = preSolution
		Debug|Any CPU = Debug|Any CPU
		Release|Any CPU = Release|Any CPU
	EndGlobalSection
	GlobalSection(ProjectConfigurationPlatforms) = postSolution
		{4392D268-DC8A-47D5-9345-C62F78886E93}.Debug|Any CPU.ActiveCfg = Debug|Any CPU
		{4392D268-DC8A-47D5-9345-C62F78886E93}.Debug|Any CPU.Build.0 = Debug|Any CPU
		{4392D268-DC8A-47D5-9345-C62F78886E93}.Release|Any CPU.ActiveCfg = Release|Any CPU
		{4392D268-DC8A-47D5-9345-C62F78886E93}.Release|Any CPU.Build.0 = Release|Any CPU
	EndGlobalSection
	GlobalSection(SolutionProperties) = preSolution
		HideSolutionNode = FALSE
	EndGlobalSection
	GlobalSection(ExtensibilityGlobals) = postSolution
		SolutionGuid = {F16CF252-03CC-4B89-9D5A-E12820BF9BA8}
	EndGlobalSection
EndGlobal
