
Microsoft Visual Studio Solution File, Format Version 12.00
# Visual Studio Version 17
VisualStudioVersion = 17.13.35806.99 d17.13
MinimumVisualStudioVersion = 10.0.40219.1
Project("{FAE04EC0-301F-11D3-BF4B-00C04F79EFBC}") = "IntelliSenseDemo", "IntelliSenseDemo\IntelliSenseDemo.csproj", "{B3BBC732-28A8-4D8B-B728-A4BE7CB815DD}"
EndProject
Global
	GlobalSection(SolutionConfigurationPlatforms) = preSolution
		Debug|Any CPU = Debug|Any CPU
		Release|Any CPU = Release|Any CPU
	EndGlobalSection
	GlobalSection(ProjectConfigurationPlatforms) = postSolution
		{B3BBC732-28A8-4D8B-B728-A4BE7CB815DD}.Debug|Any CPU.ActiveCfg = Debug|Any CPU
		{B3BBC732-28A8-4D8B-B728-A4BE7CB815DD}.Debug|Any CPU.Build.0 = Debug|Any CPU
		{B3BBC732-28A8-4D8B-B728-A4BE7CB815DD}.Release|Any CPU.ActiveCfg = Release|Any CPU
		{B3BBC732-28A8-4D8B-B728-A4BE7CB815DD}.Release|Any CPU.Build.0 = Release|Any CPU
	EndGlobalSection
	GlobalSection(SolutionProperties) = preSolution
		HideSolutionNode = FALSE
	EndGlobalSection
	GlobalSection(ExtensibilityGlobals) = postSolution
		SolutionGuid = {6ED29D4B-F302-491F-8C82-B9E54461C8F8}
	EndGlobalSection
EndGlobal
